
Microsoft Visual Studio Solution File, Format Version 12.00
# Visual Studio 15
VisualStudioVersion = 15.0.28010.2050
MinimumVisualStudioVersion = 10.0.40219.1
Project("{2150E333-8FDC-42A3-9474-1A3956D46DE8}") = "Tests", "Tests", "{A9ECC642-AC62-495F-9F3E-80B65A9E42F8}"
EndProject
Project("{9A19103F-16F7-4668-BE54-9A1E7A4F7556}") = "ESFA.DC.ILRLegacy.DataStore.DataAccessLayer", "ESFA.DC.ILRLegacy.DataStore.DataAccessLayer\ESFA.DC.ILRLegacy.DataStore.DataAccessLayer.csproj", "{F76CBFC9-4546-47F9-ADB4-E48F8EE6453F}"
EndProject
Project("{9A19103F-16F7-4668-BE54-9A1E7A4F7556}") = "ESFA.DC.ILRLegacy.DataStore.Interfaces", "ESFA.DC.ILRLegacy.DataStore.Interfaces\ESFA.DC.ILRLegacy.DataStore.Interfaces.csproj", "{600D4D47-91F8-4965-A10C-6A1C757B2448}"
EndProject
Project("{9A19103F-16F7-4668-BE54-9A1E7A4F7556}") = "ESFA.DC.ILRLegacy.DataStore.Models", "ESFA.DC.ILRLegacy.DataStore.Models\ESFA.DC.ILRLegacy.DataStore.Models.csproj", "{0F5EB8DF-2EA1-4737-9E42-748014BF534E}"
EndProject
Project("{9A19103F-16F7-4668-BE54-9A1E7A4F7556}") = "ESFA.DC.ILRLegacy.DataStore.Services", "ESFA.DC.ILRLegacy.DataStore.Services\ESFA.DC.ILRLegacy.DataStore.Services.csproj", "{56496F60-9AA9-4952-BCFC-7836AD272B07}"
EndProject
Project("{9A19103F-16F7-4668-BE54-9A1E7A4F7556}") = "ESFA.DC.ILRLegacy.DataStore.ILR1617EF", "ESFA.DC.ILRLegacy.DataStore.ILR1617EF\ESFA.DC.ILRLegacy.DataStore.ILR1617EF.csproj", "{796116C5-E745-4A20-BC5B-B5F5F60A2AE2}"
EndProject
Project("{9A19103F-16F7-4668-BE54-9A1E7A4F7556}") = "ESFA.DC.ILRLegacy.DataStore.ILR1718EF", "ESFA.DC.ILRLegacy.DataStore.ILR1718EF\ESFA.DC.ILRLegacy.DataStore.ILR1718EF.csproj", "{9BC5EBB9-54DA-42DF-899B-7759A8372184}"
EndProject
Project("{2150E333-8FDC-42A3-9474-1A3956D46DE8}") = "SchemaGeneration", "SchemaGeneration", "{327FBF18-1A0B-4262-96F7-591040AF2F60}"
EndProject
Project("{9A19103F-16F7-4668-BE54-9A1E7A4F7556}") = "ESFA.DC.ILRLegacy.DataStore.ILR1617EF.Console", "ESFA.DC.ILRLegacy.DataStore.ILR1617EF.Console\ESFA.DC.ILRLegacy.DataStore.ILR1617EF.Console.csproj", "{3C9BD408-EA35-4E84-906E-BB345D638C13}"
EndProject
Project("{9A19103F-16F7-4668-BE54-9A1E7A4F7556}") = "ESFA.DC.ILRLegacy.DataStore.ILR1718EF.Console", "ESFA.DC.ILRLegacy.DataStore.ILR1718EF.Console\ESFA.DC.ILRLegacy.DataStore.ILR1718EF.Console.csproj", "{1AB15BD1-03B5-40B1-BB5D-16263CAF2A84}"
EndProject
Project("{FAE04EC0-301F-11D3-BF4B-00C04F79EFBC}") = "ESFA.DC.ILRLegacy.DataStore.Services.Tests", "ESFA.DC.ILRLegacy.DataStore.Services.Tests\ESFA.DC.ILRLegacy.DataStore.Services.Tests.csproj", "{5FD71778-007C-4CFB-B917-B574B6FED70C}"
EndProject
Global
	GlobalSection(SolutionConfigurationPlatforms) = preSolution
		Debug|Any CPU = Debug|Any CPU
		Release|Any CPU = Release|Any CPU
	EndGlobalSection
	GlobalSection(ProjectConfigurationPlatforms) = postSolution
		{F76CBFC9-4546-47F9-ADB4-E48F8EE6453F}.Debug|Any CPU.ActiveCfg = Debug|Any CPU
		{F76CBFC9-4546-47F9-ADB4-E48F8EE6453F}.Debug|Any CPU.Build.0 = Debug|Any CPU
		{F76CBFC9-4546-47F9-ADB4-E48F8EE6453F}.Release|Any CPU.ActiveCfg = Release|Any CPU
		{F76CBFC9-4546-47F9-ADB4-E48F8EE6453F}.Release|Any CPU.Build.0 = Release|Any CPU
		{600D4D47-91F8-4965-A10C-6A1C757B2448}.Debug|Any CPU.ActiveCfg = Debug|Any CPU
		{600D4D47-91F8-4965-A10C-6A1C757B2448}.Debug|Any CPU.Build.0 = Debug|Any CPU
		{600D4D47-91F8-4965-A10C-6A1C757B2448}.Release|Any CPU.ActiveCfg = Release|Any CPU
		{600D4D47-91F8-4965-A10C-6A1C757B2448}.Release|Any CPU.Build.0 = Release|Any CPU
		{0F5EB8DF-2EA1-4737-9E42-748014BF534E}.Debug|Any CPU.ActiveCfg = Debug|Any CPU
		{0F5EB8DF-2EA1-4737-9E42-748014BF534E}.Debug|Any CPU.Build.0 = Debug|Any CPU
		{0F5EB8DF-2EA1-4737-9E42-748014BF534E}.Release|Any CPU.ActiveCfg = Release|Any CPU
		{0F5EB8DF-2EA1-4737-9E42-748014BF534E}.Release|Any CPU.Build.0 = Release|Any CPU
		{56496F60-9AA9-4952-BCFC-7836AD272B07}.Debug|Any CPU.ActiveCfg = Debug|Any CPU
		{56496F60-9AA9-4952-BCFC-7836AD272B07}.Debug|Any CPU.Build.0 = Debug|Any CPU
		{56496F60-9AA9-4952-BCFC-7836AD272B07}.Release|Any CPU.ActiveCfg = Release|Any CPU
		{56496F60-9AA9-4952-BCFC-7836AD272B07}.Release|Any CPU.Build.0 = Release|Any CPU
		{796116C5-E745-4A20-BC5B-B5F5F60A2AE2}.Debug|Any CPU.ActiveCfg = Debug|Any CPU
		{796116C5-E745-4A20-BC5B-B5F5F60A2AE2}.Debug|Any CPU.Build.0 = Debug|Any CPU
		{796116C5-E745-4A20-BC5B-B5F5F60A2AE2}.Release|Any CPU.ActiveCfg = Release|Any CPU
		{796116C5-E745-4A20-BC5B-B5F5F60A2AE2}.Release|Any CPU.Build.0 = Release|Any CPU
		{9BC5EBB9-54DA-42DF-899B-7759A8372184}.Debug|Any CPU.ActiveCfg = Debug|Any CPU
		{9BC5EBB9-54DA-42DF-899B-7759A8372184}.Debug|Any CPU.Build.0 = Debug|Any CPU
		{9BC5EBB9-54DA-42DF-899B-7759A8372184}.Release|Any CPU.ActiveCfg = Release|Any CPU
		{9BC5EBB9-54DA-42DF-899B-7759A8372184}.Release|Any CPU.Build.0 = Release|Any CPU
		{3C9BD408-EA35-4E84-906E-BB345D638C13}.Debug|Any CPU.ActiveCfg = Debug|Any CPU
		{3C9BD408-EA35-4E84-906E-BB345D638C13}.Debug|Any CPU.Build.0 = Debug|Any CPU
		{3C9BD408-EA35-4E84-906E-BB345D638C13}.Release|Any CPU.ActiveCfg = Release|Any CPU
		{3C9BD408-EA35-4E84-906E-BB345D638C13}.Release|Any CPU.Build.0 = Release|Any CPU
		{1AB15BD1-03B5-40B1-BB5D-16263CAF2A84}.Debug|Any CPU.ActiveCfg = Debug|Any CPU
		{1AB15BD1-03B5-40B1-BB5D-16263CAF2A84}.Debug|Any CPU.Build.0 = Debug|Any CPU
		{1AB15BD1-03B5-40B1-BB5D-16263CAF2A84}.Release|Any CPU.ActiveCfg = Release|Any CPU
		{1AB15BD1-03B5-40B1-BB5D-16263CAF2A84}.Release|Any CPU.Build.0 = Release|Any CPU
		{5FD71778-007C-4CFB-B917-B574B6FED70C}.Debug|Any CPU.ActiveCfg = Debug|Any CPU
		{5FD71778-007C-4CFB-B917-B574B6FED70C}.Debug|Any CPU.Build.0 = Debug|Any CPU
		{5FD71778-007C-4CFB-B917-B574B6FED70C}.Release|Any CPU.ActiveCfg = Release|Any CPU
		{5FD71778-007C-4CFB-B917-B574B6FED70C}.Release|Any CPU.Build.0 = Release|Any CPU
	EndGlobalSection
	GlobalSection(SolutionProperties) = preSolution
		HideSolutionNode = FALSE
	EndGlobalSection
	GlobalSection(NestedProjects) = preSolution
		{3C9BD408-EA35-4E84-906E-BB345D638C13} = {327FBF18-1A0B-4262-96F7-591040AF2F60}
		{1AB15BD1-03B5-40B1-BB5D-16263CAF2A84} = {327FBF18-1A0B-4262-96F7-591040AF2F60}
		{5FD71778-007C-4CFB-B917-B574B6FED70C} = {A9ECC642-AC62-495F-9F3E-80B65A9E42F8}
	EndGlobalSection
	GlobalSection(ExtensibilityGlobals) = postSolution
		SolutionGuid = {D53AAAA7-E055-452B-8909-E11FE66D22A8}
	EndGlobalSection
EndGlobal
